{
  "name": "test",
  "version": "1.0.0",
  "lockfileVersion": 3,
  "requires": true,
  "packages": {
    "": {
      "name": "test",
      "version": "1.0.0",
      "license": "ISC",
      "dependencies": {
        "cytoscape-automove-foxtrot-test": "^1.1.0"
      }
    },
    "node_modules/cytoscape": {
      "version": "3.27.0",
      "resolved": "https://registry.npmjs.org/cytoscape/-/cytoscape-3.27.0.tgz",
      "integrity": "sha512-pPZJilfX9BxESwujODz5pydeGi+FBrXq1rcaB1mfhFXXFJ9GjE6CNndAk+8jPzoXGD+16LtSS4xlYEIUiW4Abg==",
      "peer": true,
      "dependencies": {
        "heap": "^0.2.6",
        "lodash": "^4.17.21"
      },
      "engines": {
        "node": ">=0.10"
      }
    },
    "node_modules/cytoscape-automove-foxtrot-test": {
      "version": "1.1.0",
      "resolved": "https://registry.npmjs.org/cytoscape-automove-foxtrot-test/-/cytoscape-automove-foxtrot-test-1.1.0.tgz",
      "integrity": "sha512-nKl6obx8KndPq2Ve8rfQybiqeOkKo3foNEetTkkEhIQUSH1Q0xKBDgm9IjuSQG2ZgsDbcGLNIFq/+g0solQzfg==",
      "peerDependencies": {
        "cytoscape": "^3.2.0"
      }
    },
    "node_modules/heap": {
      "version": "0.2.7",
      "resolved": "https://registry.npmjs.org/heap/-/heap-0.2.7.tgz",
      "integrity": "sha512-2bsegYkkHO+h/9MGbn6KWcE45cHZgPANo5LXF7EvWdT0yT2EguSVO1nDgU5c8+ZOPwp2vMNa7YFsJhVcDR9Sdg==",
      "peer": true
    },
    "node_modules/lodash": {
      "version": "4.17.21",
      "resolved": "https://registry.npmjs.org/lodash/-/lodash-4.17.21.tgz",
      "integrity": "sha512-v2kDEe57lecTulaDIuNTPy3Ry4gLGJ6Z1O3vE1krgXZNrsQ+LFTGHVxVjcXPs17LhbZVGedAJv8XZ1tvj5FvSg==",
      "peer": true
    }
  }
}
